{
  "version": 4,
  "terraform_version": "1.1.7",
  "serial": 15,
  "lineage": "1ba348a9-7f10-3ba9-04fa-3ea102fe3ebe",
  "outputs": {
    "developers": {
      "value": [
        {
          "is_developer": true,
          "level": 1,
          "name": "alice",
          "role": "인턴 개발자"
        },
        {
          "is_developer": true,
          "level": 4,
          "name": "tony",
          "role": "데브옵스"
        }
      ],
      "type": [
        "tuple",
        [
          [
            "object",
            {
              "is_developer": "bool",
              "level": "number",
              "name": "string",
              "role": "string"
            }
          ],
          [
            "object",
            {
              "is_developer": "bool",
              "level": "number",
              "name": "string",
              "role": "string"
            }
          ]
        ]
      ]
    },
    "groups": {
      "value": [
        {
          "arn": "arn:aws:iam::949657583279:group/developer",
          "id": "developer",
          "name": "developer",
          "path": "/",
          "unique_id": "AGPA52HAAX2XZT2WCUE7D"
        },
        {
          "arn": "arn:aws:iam::949657583279:group/employee",
          "id": "employee",
          "name": "employee",
          "path": "/",
          "unique_id": "AGPA52HAAX2X7NPSCFYZS"
        }
      ],
      "type": [
        "tuple",
        [
          [
            "object",
            {
              "arn": "string",
              "id": "string",
              "name": "string",
              "path": "string",
              "unique_id": "string"
            }
          ],
          [
            "object",
            {
              "arn": "string",
              "id": "string",
              "name": "string",
              "path": "string",
              "unique_id": "string"
            }
          ]
        ]
      ]
    },
    "high_level_users": {
      "value": [
        {
          "is_developer": false,
          "level": 7,
          "name": "john",
          "role": "재무"
        },
        {
          "is_developer": false,
          "level": 9,
          "name": "cindy",
          "role": "경영"
        }
      ],
      "type": [
        "tuple",
        [
          [
            "object",
            {
              "is_developer": "bool",
              "level": "number",
              "name": "string",
              "role": "string"
            }
          ],
          [
            "object",
            {
              "is_developer": "bool",
              "level": "number",
              "name": "string",
              "role": "string"
            }
          ]
        ]
      ]
    }
  },
  "resources": [
    {
      "mode": "managed",
      "type": "aws_iam_group",
      "name": "developer",
      "provider": "provider[\"registry.terraform.io/hashicorp/aws\"]",
      "instances": [
        {
          "schema_version": 0,
          "attributes": {
            "arn": "arn:aws:iam::949657583279:group/developer",
            "id": "developer",
            "name": "developer",
            "path": "/",
            "unique_id": "AGPA52HAAX2XZT2WCUE7D"
          },
          "sensitive_attributes": [],
          "private": "bnVsbA=="
        }
      ]
    },
    {
      "mode": "managed",
      "type": "aws_iam_group",
      "name": "employee",
      "provider": "provider[\"registry.terraform.io/hashicorp/aws\"]",
      "instances": [
        {
          "schema_version": 0,
          "attributes": {
            "arn": "arn:aws:iam::949657583279:group/employee",
            "id": "employee",
            "name": "employee",
            "path": "/",
            "unique_id": "AGPA52HAAX2X7NPSCFYZS"
          },
          "sensitive_attributes": [],
          "private": "bnVsbA=="
        }
      ]
    },
    {
      "mode": "managed",
      "type": "aws_iam_user",
      "name": "this",
      "provider": "provider[\"registry.terraform.io/hashicorp/aws\"]",
      "instances": [
        {
          "index_key": "alice",
          "schema_version": 0,
          "attributes": {
            "arn": "arn:aws:iam::949657583279:user/alice",
            "force_destroy": false,
            "id": "alice",
            "name": "alice",
            "path": "/",
            "permissions_boundary": null,
            "tags": {
              "level": "1",
              "role": "인턴 개발자"
            },
            "tags_all": {
              "level": "1",
              "role": "인턴 개발자"
            },
            "unique_id": "AIDA52HAAX2XX6MONIYT7"
          },
          "sensitive_attributes": [],
          "private": "bnVsbA=="
        },
        {
          "index_key": "cindy",
          "schema_version": 0,
          "attributes": {
            "arn": "arn:aws:iam::949657583279:user/cindy",
            "force_destroy": false,
            "id": "cindy",
            "name": "cindy",
            "path": "/",
            "permissions_boundary": null,
            "tags": {
              "level": "9",
              "role": "경영"
            },
            "tags_all": {
              "level": "9",
              "role": "경영"
            },
            "unique_id": "AIDA52HAAX2X3CCDNJCI4"
          },
          "sensitive_attributes": [],
          "private": "bnVsbA=="
        },
        {
          "index_key": "hoon",
          "schema_version": 0,
          "attributes": {
            "arn": "arn:aws:iam::949657583279:user/hoon",
            "force_destroy": false,
            "id": "hoon",
            "name": "hoon",
            "path": "/",
            "permissions_boundary": null,
            "tags": {
              "level": "3",
              "role": "마케팅"
            },
            "tags_all": {
              "level": "3",
              "role": "마케팅"
            },
            "unique_id": "AIDA52HAAX2X73K7T2N4H"
          },
          "sensitive_attributes": [],
          "private": "bnVsbA=="
        },
        {
          "index_key": "john",
          "schema_version": 0,
          "attributes": {
            "arn": "arn:aws:iam::949657583279:user/john",
            "force_destroy": false,
            "id": "john",
            "name": "john",
            "path": "/",
            "permissions_boundary": null,
            "tags": {
              "level": "7",
              "role": "재무"
            },
            "tags_all": {
              "level": "7",
              "role": "재무"
            },
            "unique_id": "AIDA52HAAX2XYD7C7MDGP"
          },
          "sensitive_attributes": [],
          "private": "bnVsbA=="
        },
        {
          "index_key": "tony",
          "schema_version": 0,
          "attributes": {
            "arn": "arn:aws:iam::949657583279:user/tony",
            "force_destroy": false,
            "id": "tony",
            "name": "tony",
            "path": "/",
            "permissions_boundary": null,
            "tags": {
              "level": "4",
              "role": "데브옵스"
            },
            "tags_all": {
              "level": "4",
              "role": "데브옵스"
            },
            "unique_id": "AIDA52HAAX2X7URAQM7VZ"
          },
          "sensitive_attributes": [],
          "private": "bnVsbA=="
        }
      ]
    },
    {
      "mode": "managed",
      "type": "aws_iam_user_group_membership",
      "name": "this",
      "provider": "provider[\"registry.terraform.io/hashicorp/aws\"]",
      "instances": [
        {
          "index_key": "alice",
          "schema_version": 0,
          "attributes": {
            "groups": [
              "developer",
              "employee"
            ],
            "id": "terraform-20220304094746577600000004",
            "user": "alice"
          },
          "sensitive_attributes": [],
          "private": "bnVsbA==",
          "dependencies": [
            "aws_iam_group.developer",
            "aws_iam_group.employee"
          ]
        },
        {
          "index_key": "cindy",
          "schema_version": 0,
          "attributes": {
            "groups": [
              "employee"
            ],
            "id": "terraform-20220304094746455200000002",
            "user": "cindy"
          },
          "sensitive_attributes": [],
          "private": "bnVsbA==",
          "dependencies": [
            "aws_iam_group.developer",
            "aws_iam_group.employee"
          ]
        },
        {
          "index_key": "hoon",
          "schema_version": 0,
          "attributes": {
            "groups": [
              "employee"
            ],
            "id": "terraform-20220304094746558900000003",
            "user": "hoon"
          },
          "sensitive_attributes": [],
          "private": "bnVsbA==",
          "dependencies": [
            "aws_iam_group.developer",
            "aws_iam_group.employee"
          ]
        },
        {
          "index_key": "john",
          "schema_version": 0,
          "attributes": {
            "groups": [
              "employee"
            ],
            "id": "terraform-20220304094746455100000001",
            "user": "john"
          },
          "sensitive_attributes": [],
          "private": "bnVsbA==",
          "dependencies": [
            "aws_iam_group.developer",
            "aws_iam_group.employee"
          ]
        },
        {
          "index_key": "tony",
          "schema_version": 0,
          "attributes": {
            "groups": [
              "developer",
              "employee"
            ],
            "id": "terraform-20220304094746755200000007",
            "user": "tony"
          },
          "sensitive_attributes": [],
          "private": "bnVsbA==",
          "dependencies": [
            "aws_iam_group.developer",
            "aws_iam_group.employee"
          ]
        }
      ]
    },
    {
      "mode": "managed",
      "type": "aws_iam_user_policy_attachment",
      "name": "developer",
      "provider": "provider[\"registry.terraform.io/hashicorp/aws\"]",
      "instances": [
        {
          "index_key": "alice",
          "schema_version": 0,
          "attributes": {
            "id": "alice-20220304094746591100000005",
            "policy_arn": "arn:aws:iam::aws:policy/AdministratorAccess",
            "user": "alice"
          },
          "sensitive_attributes": [],
          "private": "bnVsbA==",
          "dependencies": [
            "aws_iam_user.this"
          ]
        },
        {
          "index_key": "tony",
          "schema_version": 0,
          "attributes": {
            "id": "tony-20220304094746591500000006",
            "policy_arn": "arn:aws:iam::aws:policy/AdministratorAccess",
            "user": "tony"
          },
          "sensitive_attributes": [],
          "private": "bnVsbA==",
          "dependencies": [
            "aws_iam_user.this"
          ]
        }
      ]
    }
  ]
}
