{
  "version": 4,
  "terraform_version": "1.1.7",
  "serial": 19,
  "lineage": "864bf35a-bdf8-4855-2cd6-806c94460907",
  "outputs": {
    "subnet_groups": {
      "value": {
        "private": {
          "arns": [
            "arn:aws:ec2:ap-northeast-2:949657583279:subnet/subnet-0d9677acd79c47bf8",
            "arn:aws:ec2:ap-northeast-2:949657583279:subnet/subnet-06b94d688788351b7"
          ],
          "availability_zone_ids": [
            "apne2-az1",
            "apne2-az2"
          ],
          "availability_zones": [
            "ap-northeast-2a",
            "ap-northeast-2b"
          ],
          "cache_subnet_group_id": null,
          "cidr_blocks": [
            "10.0.10.0/24",
            "10.0.11.0/24"
          ],
          "dax_subnet_group_id": null,
          "db_subnet_group_arn": null,
          "db_subnet_group_id": null,
          "dms_replication_subnet_group_id": null,
          "docdb_subnet_group_arn": null,
          "docdb_subnet_group_id": null,
          "ids": [
            "subnet-0d9677acd79c47bf8",
            "subnet-06b94d688788351b7"
          ],
          "ipv6_cidr_blocks": [],
          "name": "prod-private",
          "neptune_subnet_group_arn": null,
          "neptune_subnet_group_id": null,
          "redshift_subnet_group_arn": null,
          "redshift_subnet_group_id": null,
          "subnets": [
            {
              "arn": "arn:aws:ec2:ap-northeast-2:949657583279:subnet/subnet-0d9677acd79c47bf8",
              "assign_ipv6_address_on_creation": false,
              "availability_zone": "ap-northeast-2a",
              "availability_zone_id": "apne2-az1",
              "cidr_block": "10.0.10.0/24",
              "customer_owned_ipv4_pool": "",
              "enable_dns64": false,
              "enable_resource_name_dns_a_record_on_launch": false,
              "enable_resource_name_dns_aaaa_record_on_launch": false,
              "id": "subnet-0d9677acd79c47bf8",
              "ipv6_cidr_block": "",
              "ipv6_cidr_block_association_id": "",
              "ipv6_native": false,
              "map_customer_owned_ip_on_launch": false,
              "map_public_ip_on_launch": false,
              "outpost_arn": "",
              "owner_id": "949657583279",
              "private_dns_hostname_type_on_launch": "ip-name",
              "tags": {
                "Name": "prod-private-001/az1",
                "Owner": "posquit0",
                "Project": "Network",
                "module.terraform.io/full-name": "terraform-aws-network/subnet-group",
                "module.terraform.io/instance": "prod-private",
                "module.terraform.io/name": "subnet-group",
                "module.terraform.io/package": "terraform-aws-network",
                "module.terraform.io/version": "0.24.0"
              },
              "tags_all": {
                "Name": "prod-private-001/az1",
                "Owner": "posquit0",
                "Project": "Network",
                "module.terraform.io/full-name": "terraform-aws-network/subnet-group",
                "module.terraform.io/instance": "prod-private",
                "module.terraform.io/name": "subnet-group",
                "module.terraform.io/package": "terraform-aws-network",
                "module.terraform.io/version": "0.24.0"
              },
              "timeouts": null,
              "vpc_id": "vpc-0f5072ab5c30fa431"
            },
            {
              "arn": "arn:aws:ec2:ap-northeast-2:949657583279:subnet/subnet-06b94d688788351b7",
              "assign_ipv6_address_on_creation": false,
              "availability_zone": "ap-northeast-2b",
              "availability_zone_id": "apne2-az2",
              "cidr_block": "10.0.11.0/24",
              "customer_owned_ipv4_pool": "",
              "enable_dns64": false,
              "enable_resource_name_dns_a_record_on_launch": false,
              "enable_resource_name_dns_aaaa_record_on_launch": false,
              "id": "subnet-06b94d688788351b7",
              "ipv6_cidr_block": "",
              "ipv6_cidr_block_association_id": "",
              "ipv6_native": false,
              "map_customer_owned_ip_on_launch": false,
              "map_public_ip_on_launch": false,
              "outpost_arn": "",
              "owner_id": "949657583279",
              "private_dns_hostname_type_on_launch": "ip-name",
              "tags": {
                "Name": "prod-private-002/az2",
                "Owner": "posquit0",
                "Project": "Network",
                "module.terraform.io/full-name": "terraform-aws-network/subnet-group",
                "module.terraform.io/instance": "prod-private",
                "module.terraform.io/name": "subnet-group",
                "module.terraform.io/package": "terraform-aws-network",
                "module.terraform.io/version": "0.24.0"
              },
              "tags_all": {
                "Name": "prod-private-002/az2",
                "Owner": "posquit0",
                "Project": "Network",
                "module.terraform.io/full-name": "terraform-aws-network/subnet-group",
                "module.terraform.io/instance": "prod-private",
                "module.terraform.io/name": "subnet-group",
                "module.terraform.io/package": "terraform-aws-network",
                "module.terraform.io/version": "0.24.0"
              },
              "timeouts": null,
              "vpc_id": "vpc-0f5072ab5c30fa431"
            }
          ],
          "vpc_id": "vpc-0f5072ab5c30fa431"
        },
        "public": {
          "arns": [
            "arn:aws:ec2:ap-northeast-2:949657583279:subnet/subnet-0784c89746426b67e",
            "arn:aws:ec2:ap-northeast-2:949657583279:subnet/subnet-0401554b43580be50"
          ],
          "availability_zone_ids": [
            "apne2-az1",
            "apne2-az2"
          ],
          "availability_zones": [
            "ap-northeast-2a",
            "ap-northeast-2b"
          ],
          "cache_subnet_group_id": null,
          "cidr_blocks": [
            "10.0.0.0/24",
            "10.0.1.0/24"
          ],
          "dax_subnet_group_id": null,
          "db_subnet_group_arn": null,
          "db_subnet_group_id": null,
          "dms_replication_subnet_group_id": null,
          "docdb_subnet_group_arn": null,
          "docdb_subnet_group_id": null,
          "ids": [
            "subnet-0784c89746426b67e",
            "subnet-0401554b43580be50"
          ],
          "ipv6_cidr_blocks": [],
          "name": "prod-public",
          "neptune_subnet_group_arn": null,
          "neptune_subnet_group_id": null,
          "redshift_subnet_group_arn": null,
          "redshift_subnet_group_id": null,
          "subnets": [
            {
              "arn": "arn:aws:ec2:ap-northeast-2:949657583279:subnet/subnet-0784c89746426b67e",
              "assign_ipv6_address_on_creation": false,
              "availability_zone": "ap-northeast-2a",
              "availability_zone_id": "apne2-az1",
              "cidr_block": "10.0.0.0/24",
              "customer_owned_ipv4_pool": "",
              "enable_dns64": false,
              "enable_resource_name_dns_a_record_on_launch": false,
              "enable_resource_name_dns_aaaa_record_on_launch": false,
              "id": "subnet-0784c89746426b67e",
              "ipv6_cidr_block": "",
              "ipv6_cidr_block_association_id": "",
              "ipv6_native": false,
              "map_customer_owned_ip_on_launch": false,
              "map_public_ip_on_launch": true,
              "outpost_arn": "",
              "owner_id": "949657583279",
              "private_dns_hostname_type_on_launch": "ip-name",
              "tags": {
                "Name": "prod-public-001/az1",
                "Owner": "posquit0",
                "Project": "Network",
                "module.terraform.io/full-name": "terraform-aws-network/subnet-group",
                "module.terraform.io/instance": "prod-public",
                "module.terraform.io/name": "subnet-group",
                "module.terraform.io/package": "terraform-aws-network",
                "module.terraform.io/version": "0.24.0"
              },
              "tags_all": {
                "Name": "prod-public-001/az1",
                "Owner": "posquit0",
                "Project": "Network",
                "module.terraform.io/full-name": "terraform-aws-network/subnet-group",
                "module.terraform.io/instance": "prod-public",
                "module.terraform.io/name": "subnet-group",
                "module.terraform.io/package": "terraform-aws-network",
                "module.terraform.io/version": "0.24.0"
              },
              "timeouts": null,
              "vpc_id": "vpc-0f5072ab5c30fa431"
            },
            {
              "arn": "arn:aws:ec2:ap-northeast-2:949657583279:subnet/subnet-0401554b43580be50",
              "assign_ipv6_address_on_creation": false,
              "availability_zone": "ap-northeast-2b",
              "availability_zone_id": "apne2-az2",
              "cidr_block": "10.0.1.0/24",
              "customer_owned_ipv4_pool": "",
              "enable_dns64": false,
              "enable_resource_name_dns_a_record_on_launch": false,
              "enable_resource_name_dns_aaaa_record_on_launch": false,
              "id": "subnet-0401554b43580be50",
              "ipv6_cidr_block": "",
              "ipv6_cidr_block_association_id": "",
              "ipv6_native": false,
              "map_customer_owned_ip_on_launch": false,
              "map_public_ip_on_launch": true,
              "outpost_arn": "",
              "owner_id": "949657583279",
              "private_dns_hostname_type_on_launch": "ip-name",
              "tags": {
                "Name": "prod-public-002/az2",
                "Owner": "posquit0",
                "Project": "Network",
                "module.terraform.io/full-name": "terraform-aws-network/subnet-group",
                "module.terraform.io/instance": "prod-public",
                "module.terraform.io/name": "subnet-group",
                "module.terraform.io/package": "terraform-aws-network",
                "module.terraform.io/version": "0.24.0"
              },
              "tags_all": {
                "Name": "prod-public-002/az2",
                "Owner": "posquit0",
                "Project": "Network",
                "module.terraform.io/full-name": "terraform-aws-network/subnet-group",
                "module.terraform.io/instance": "prod-public",
                "module.terraform.io/name": "subnet-group",
                "module.terraform.io/package": "terraform-aws-network",
                "module.terraform.io/version": "0.24.0"
              },
              "timeouts": null,
              "vpc_id": "vpc-0f5072ab5c30fa431"
            }
          ],
          "vpc_id": "vpc-0f5072ab5c30fa431"
        }
      },
      "type": [
        "object",
        {
          "private": [
            "object",
            {
              "arns": [
                "tuple",
                [
                  "string",
                  "string"
                ]
              ],
              "availability_zone_ids": [
                "list",
                "string"
              ],
              "availability_zones": [
                "list",
                "string"
              ],
              "cache_subnet_group_id": "dynamic",
              "cidr_blocks": [
                "tuple",
                [
                  "string",
                  "string"
                ]
              ],
              "dax_subnet_group_id": "dynamic",
              "db_subnet_group_arn": "dynamic",
              "db_subnet_group_id": "dynamic",
              "dms_replication_subnet_group_id": "dynamic",
              "docdb_subnet_group_arn": "dynamic",
              "docdb_subnet_group_id": "dynamic",
              "ids": [
                "tuple",
                [
                  "string",
                  "string"
                ]
              ],
              "ipv6_cidr_blocks": [
                "list",
                "string"
              ],
              "name": "string",
              "neptune_subnet_group_arn": "dynamic",
              "neptune_subnet_group_id": "dynamic",
              "redshift_subnet_group_arn": "dynamic",
              "redshift_subnet_group_id": "dynamic",
              "subnets": [
                "tuple",
                [
                  [
                    "object",
                    {
                      "arn": "string",
                      "assign_ipv6_address_on_creation": "bool",
                      "availability_zone": "string",
                      "availability_zone_id": "string",
                      "cidr_block": "string",
                      "customer_owned_ipv4_pool": "string",
                      "enable_dns64": "bool",
                      "enable_resource_name_dns_a_record_on_launch": "bool",
                      "enable_resource_name_dns_aaaa_record_on_launch": "bool",
                      "id": "string",
                      "ipv6_cidr_block": "string",
                      "ipv6_cidr_block_association_id": "string",
                      "ipv6_native": "bool",
                      "map_customer_owned_ip_on_launch": "bool",
                      "map_public_ip_on_launch": "bool",
                      "outpost_arn": "string",
                      "owner_id": "string",
                      "private_dns_hostname_type_on_launch": "string",
                      "tags": [
                        "map",
                        "string"
                      ],
                      "tags_all": [
                        "map",
                        "string"
                      ],
                      "timeouts": [
                        "object",
                        {
                          "create": "string",
                          "delete": "string"
                        }
                      ],
                      "vpc_id": "string"
                    }
                  ],
                  [
                    "object",
                    {
                      "arn": "string",
                      "assign_ipv6_address_on_creation": "bool",
                      "availability_zone": "string",
                      "availability_zone_id": "string",
                      "cidr_block": "string",
                      "customer_owned_ipv4_pool": "string",
                      "enable_dns64": "bool",
                      "enable_resource_name_dns_a_record_on_launch": "bool",
                      "enable_resource_name_dns_aaaa_record_on_launch": "bool",
                      "id": "string",
                      "ipv6_cidr_block": "string",
                      "ipv6_cidr_block_association_id": "string",
                      "ipv6_native": "bool",
                      "map_customer_owned_ip_on_launch": "bool",
                      "map_public_ip_on_launch": "bool",
                      "outpost_arn": "string",
                      "owner_id": "string",
                      "private_dns_hostname_type_on_launch": "string",
                      "tags": [
                        "map",
                        "string"
                      ],
                      "tags_all": [
                        "map",
                        "string"
                      ],
                      "timeouts": [
                        "object",
                        {
                          "create": "string",
                          "delete": "string"
                        }
                      ],
                      "vpc_id": "string"
                    }
                  ]
                ]
              ],
              "vpc_id": "string"
            }
          ],
          "public": [
            "object",
            {
              "arns": [
                "tuple",
                [
                  "string",
                  "string"
                ]
              ],
              "availability_zone_ids": [
                "list",
                "string"
              ],
              "availability_zones": [
                "list",
                "string"
              ],
              "cache_subnet_group_id": "dynamic",
              "cidr_blocks": [
                "tuple",
                [
                  "string",
                  "string"
                ]
              ],
              "dax_subnet_group_id": "dynamic",
              "db_subnet_group_arn": "dynamic",
              "db_subnet_group_id": "dynamic",
              "dms_replication_subnet_group_id": "dynamic",
              "docdb_subnet_group_arn": "dynamic",
              "docdb_subnet_group_id": "dynamic",
              "ids": [
                "tuple",
                [
                  "string",
                  "string"
                ]
              ],
              "ipv6_cidr_blocks": [
                "list",
                "string"
              ],
              "name": "string",
              "neptune_subnet_group_arn": "dynamic",
              "neptune_subnet_group_id": "dynamic",
              "redshift_subnet_group_arn": "dynamic",
              "redshift_subnet_group_id": "dynamic",
              "subnets": [
                "tuple",
                [
                  [
                    "object",
                    {
                      "arn": "string",
                      "assign_ipv6_address_on_creation": "bool",
                      "availability_zone": "string",
                      "availability_zone_id": "string",
                      "cidr_block": "string",
                      "customer_owned_ipv4_pool": "string",
                      "enable_dns64": "bool",
                      "enable_resource_name_dns_a_record_on_launch": "bool",
                      "enable_resource_name_dns_aaaa_record_on_launch": "bool",
                      "id": "string",
                      "ipv6_cidr_block": "string",
                      "ipv6_cidr_block_association_id": "string",
                      "ipv6_native": "bool",
                      "map_customer_owned_ip_on_launch": "bool",
                      "map_public_ip_on_launch": "bool",
                      "outpost_arn": "string",
                      "owner_id": "string",
                      "private_dns_hostname_type_on_launch": "string",
                      "tags": [
                        "map",
                        "string"
                      ],
                      "tags_all": [
                        "map",
                        "string"
                      ],
                      "timeouts": [
                        "object",
                        {
                          "create": "string",
                          "delete": "string"
                        }
                      ],
                      "vpc_id": "string"
                    }
                  ],
                  [
                    "object",
                    {
                      "arn": "string",
                      "assign_ipv6_address_on_creation": "bool",
                      "availability_zone": "string",
                      "availability_zone_id": "string",
                      "cidr_block": "string",
                      "customer_owned_ipv4_pool": "string",
                      "enable_dns64": "bool",
                      "enable_resource_name_dns_a_record_on_launch": "bool",
                      "enable_resource_name_dns_aaaa_record_on_launch": "bool",
                      "id": "string",
                      "ipv6_cidr_block": "string",
                      "ipv6_cidr_block_association_id": "string",
                      "ipv6_native": "bool",
                      "map_customer_owned_ip_on_launch": "bool",
                      "map_public_ip_on_launch": "bool",
                      "outpost_arn": "string",
                      "owner_id": "string",
                      "private_dns_hostname_type_on_launch": "string",
                      "tags": [
                        "map",
                        "string"
                      ],
                      "tags_all": [
                        "map",
                        "string"
                      ],
                      "timeouts": [
                        "object",
                        {
                          "create": "string",
                          "delete": "string"
                        }
                      ],
                      "vpc_id": "string"
                    }
                  ]
                ]
              ],
              "vpc_id": "string"
            }
          ]
        }
      ]
    },
    "vpc_cidr": {
      "value": "10.0.0.0/16",
      "type": "string"
    },
    "vpc_id": {
      "value": "vpc-0f5072ab5c30fa431",
      "type": "string"
    },
    "vpc_name": {
      "value": "prod",
      "type": "string"
    }
  },
  "resources": [
    {
      "module": "module.route_table__private",
      "mode": "managed",
      "type": "aws_resourcegroups_group",
      "name": "this",
      "provider": "provider[\"registry.terraform.io/hashicorp/aws\"]",
      "instances": [
        {
          "index_key": 0,
          "schema_version": 0,
          "attributes": {
            "arn": "arn:aws:resource-groups:ap-northeast-2:949657583279:group/terraform-aws-network.route-table.prod-private",
            "description": "Managed by Terraform.",
            "id": "terraform-aws-network.route-table.prod-private",
            "name": "terraform-aws-network.route-table.prod-private",
            "resource_query": [
              {
                "query": "{\n  \"ResourceTypeFilters\": [\n    \"AWS::AllSupported\"\n  ],\n  \"TagFilters\": [{\"Key\":\"module.terraform.io/full-name\",\"Values\":[\"terraform-aws-network/route-table\"]},{\"Key\":\"module.terraform.io/instance\",\"Values\":[\"prod-private\"]},{\"Key\":\"module.terraform.io/name\",\"Values\":[\"route-table\"]},{\"Key\":\"module.terraform.io/package\",\"Values\":[\"terraform-aws-network\"]},{\"Key\":\"module.terraform.io/version\",\"Values\":[\"0.24.0\"]}]\n}\n",
                "type": "TAG_FILTERS_1_0"
              }
            ],
            "tags": {
              "Name": "terraform-aws-network.route-table.prod-private",
              "Owner": "posquit0",
              "Project": "Network",
              "module.terraform.io/full-name": "terraform-aws-network/route-table",
              "module.terraform.io/instance": "prod-private",
              "module.terraform.io/name": "route-table",
              "module.terraform.io/package": "terraform-aws-network",
              "module.terraform.io/version": "0.24.0"
            },
            "tags_all": {
              "Name": "terraform-aws-network.route-table.prod-private",
              "Owner": "posquit0",
              "Project": "Network",
              "module.terraform.io/full-name": "terraform-aws-network/route-table",
              "module.terraform.io/instance": "prod-private",
              "module.terraform.io/name": "route-table",
              "module.terraform.io/package": "terraform-aws-network",
              "module.terraform.io/version": "0.24.0"
            }
          },
          "sensitive_attributes": [],
          "private": "bnVsbA=="
        }
      ]
    },
    {
      "module": "module.route_table__private",
      "mode": "managed",
      "type": "aws_route_table",
      "name": "this",
      "provider": "provider[\"registry.terraform.io/hashicorp/aws\"]",
      "instances": [
        {
          "schema_version": 0,
          "attributes": {
            "arn": "arn:aws:ec2:ap-northeast-2:949657583279:route-table/rtb-00e312b05c6d92ab7",
            "id": "rtb-00e312b05c6d92ab7",
            "owner_id": "949657583279",
            "propagating_vgws": [],
            "route": [],
            "tags": {
              "Name": "prod-private",
              "Owner": "posquit0",
              "Project": "Network",
              "module.terraform.io/full-name": "terraform-aws-network/route-table",
              "module.terraform.io/instance": "prod-private",
              "module.terraform.io/name": "route-table",
              "module.terraform.io/package": "terraform-aws-network",
              "module.terraform.io/version": "0.24.0"
            },
            "tags_all": {
              "Name": "prod-private",
              "Owner": "posquit0",
              "Project": "Network",
              "module.terraform.io/full-name": "terraform-aws-network/route-table",
              "module.terraform.io/instance": "prod-private",
              "module.terraform.io/name": "route-table",
              "module.terraform.io/package": "terraform-aws-network",
              "module.terraform.io/version": "0.24.0"
            },
            "timeouts": null,
            "vpc_id": "vpc-0f5072ab5c30fa431"
          },
          "sensitive_attributes": [],
          "private": "eyJlMmJmYjczMC1lY2FhLTExZTYtOGY4OC0zNDM2M2JjN2M0YzAiOnsiY3JlYXRlIjozMDAwMDAwMDAwMDAsImRlbGV0ZSI6MzAwMDAwMDAwMDAwLCJ1cGRhdGUiOjEyMDAwMDAwMDAwMH19",
          "dependencies": [
            "module.vpc.aws_vpc.this"
          ]
        }
      ]
    },
    {
      "module": "module.route_table__private",
      "mode": "managed",
      "type": "aws_route_table_association",
      "name": "subnets",
      "provider": "provider[\"registry.terraform.io/hashicorp/aws\"]",
      "instances": [
        {
          "index_key": 0,
          "schema_version": 0,
          "attributes": {
            "gateway_id": "",
            "id": "rtbassoc-0fd1a6062e3cbaf53",
            "route_table_id": "rtb-00e312b05c6d92ab7",
            "subnet_id": "subnet-0d9677acd79c47bf8"
          },
          "sensitive_attributes": [],
          "private": "bnVsbA==",
          "dependencies": [
            "module.route_table__private.aws_route_table.this",
            "module.subnet_group__private.aws_subnet.this",
            "module.vpc.aws_vpc.this"
          ]
        },
        {
          "index_key": 1,
          "schema_version": 0,
          "attributes": {
            "gateway_id": "",
            "id": "rtbassoc-0f7452359a21b8639",
            "route_table_id": "rtb-00e312b05c6d92ab7",
            "subnet_id": "subnet-06b94d688788351b7"
          },
          "sensitive_attributes": [],
          "private": "bnVsbA==",
          "dependencies": [
            "module.route_table__private.aws_route_table.this",
            "module.subnet_group__private.aws_subnet.this",
            "module.vpc.aws_vpc.this"
          ]
        }
      ]
    },
    {
      "module": "module.route_table__public",
      "mode": "managed",
      "type": "aws_resourcegroups_group",
      "name": "this",
      "provider": "provider[\"registry.terraform.io/hashicorp/aws\"]",
      "instances": [
        {
          "index_key": 0,
          "schema_version": 0,
          "attributes": {
            "arn": "arn:aws:resource-groups:ap-northeast-2:949657583279:group/terraform-aws-network.route-table.prod-public",
            "description": "Managed by Terraform.",
            "id": "terraform-aws-network.route-table.prod-public",
            "name": "terraform-aws-network.route-table.prod-public",
            "resource_query": [
              {
                "query": "{\n  \"ResourceTypeFilters\": [\n    \"AWS::AllSupported\"\n  ],\n  \"TagFilters\": [{\"Key\":\"module.terraform.io/full-name\",\"Values\":[\"terraform-aws-network/route-table\"]},{\"Key\":\"module.terraform.io/instance\",\"Values\":[\"prod-public\"]},{\"Key\":\"module.terraform.io/name\",\"Values\":[\"route-table\"]},{\"Key\":\"module.terraform.io/package\",\"Values\":[\"terraform-aws-network\"]},{\"Key\":\"module.terraform.io/version\",\"Values\":[\"0.24.0\"]}]\n}\n",
                "type": "TAG_FILTERS_1_0"
              }
            ],
            "tags": {
              "Name": "terraform-aws-network.route-table.prod-public",
              "Owner": "posquit0",
              "Project": "Network",
              "module.terraform.io/full-name": "terraform-aws-network/route-table",
              "module.terraform.io/instance": "prod-public",
              "module.terraform.io/name": "route-table",
              "module.terraform.io/package": "terraform-aws-network",
              "module.terraform.io/version": "0.24.0"
            },
            "tags_all": {
              "Name": "terraform-aws-network.route-table.prod-public",
              "Owner": "posquit0",
              "Project": "Network",
              "module.terraform.io/full-name": "terraform-aws-network/route-table",
              "module.terraform.io/instance": "prod-public",
              "module.terraform.io/name": "route-table",
              "module.terraform.io/package": "terraform-aws-network",
              "module.terraform.io/version": "0.24.0"
            }
          },
          "sensitive_attributes": [],
          "private": "bnVsbA=="
        }
      ]
    },
    {
      "module": "module.route_table__public",
      "mode": "managed",
      "type": "aws_route",
      "name": "ipv4",
      "provider": "provider[\"registry.terraform.io/hashicorp/aws\"]",
      "instances": [
        {
          "index_key": "0.0.0.0/0",
          "schema_version": 0,
          "attributes": {
            "carrier_gateway_id": "",
            "destination_cidr_block": "0.0.0.0/0",
            "destination_ipv6_cidr_block": "",
            "destination_prefix_list_id": "",
            "egress_only_gateway_id": "",
            "gateway_id": "igw-050988f7555fb0542",
            "id": "r-rtb-041d0946240122fe21080289494",
            "instance_id": "",
            "instance_owner_id": "",
            "local_gateway_id": "",
            "nat_gateway_id": "",
            "network_interface_id": "",
            "origin": "CreateRoute",
            "route_table_id": "rtb-041d0946240122fe2",
            "state": "active",
            "timeouts": null,
            "transit_gateway_id": "",
            "vpc_endpoint_id": "",
            "vpc_peering_connection_id": ""
          },
          "sensitive_attributes": [],
          "private": "eyJlMmJmYjczMC1lY2FhLTExZTYtOGY4OC0zNDM2M2JjN2M0YzAiOnsiY3JlYXRlIjozMDAwMDAwMDAwMDAsImRlbGV0ZSI6MzAwMDAwMDAwMDAwLCJ1cGRhdGUiOjEyMDAwMDAwMDAwMH19",
          "dependencies": [
            "module.route_table__public.aws_route_table.this",
            "module.vpc.aws_internet_gateway.this",
            "module.vpc.aws_vpc.this"
          ]
        }
      ]
    },
    {
      "module": "module.route_table__public",
      "mode": "managed",
      "type": "aws_route_table",
      "name": "this",
      "provider": "provider[\"registry.terraform.io/hashicorp/aws\"]",
      "instances": [
        {
          "schema_version": 0,
          "attributes": {
            "arn": "arn:aws:ec2:ap-northeast-2:949657583279:route-table/rtb-041d0946240122fe2",
            "id": "rtb-041d0946240122fe2",
            "owner_id": "949657583279",
            "propagating_vgws": [],
            "route": [],
            "tags": {
              "Name": "prod-public",
              "Owner": "posquit0",
              "Project": "Network",
              "module.terraform.io/full-name": "terraform-aws-network/route-table",
              "module.terraform.io/instance": "prod-public",
              "module.terraform.io/name": "route-table",
              "module.terraform.io/package": "terraform-aws-network",
              "module.terraform.io/version": "0.24.0"
            },
            "tags_all": {
              "Name": "prod-public",
              "Owner": "posquit0",
              "Project": "Network",
              "module.terraform.io/full-name": "terraform-aws-network/route-table",
              "module.terraform.io/instance": "prod-public",
              "module.terraform.io/name": "route-table",
              "module.terraform.io/package": "terraform-aws-network",
              "module.terraform.io/version": "0.24.0"
            },
            "timeouts": null,
            "vpc_id": "vpc-0f5072ab5c30fa431"
          },
          "sensitive_attributes": [],
          "private": "eyJlMmJmYjczMC1lY2FhLTExZTYtOGY4OC0zNDM2M2JjN2M0YzAiOnsiY3JlYXRlIjozMDAwMDAwMDAwMDAsImRlbGV0ZSI6MzAwMDAwMDAwMDAwLCJ1cGRhdGUiOjEyMDAwMDAwMDAwMH19",
          "dependencies": [
            "module.vpc.aws_vpc.this"
          ]
        }
      ]
    },
    {
      "module": "module.route_table__public",
      "mode": "managed",
      "type": "aws_route_table_association",
      "name": "subnets",
      "provider": "provider[\"registry.terraform.io/hashicorp/aws\"]",
      "instances": [
        {
          "index_key": 0,
          "schema_version": 0,
          "attributes": {
            "gateway_id": "",
            "id": "rtbassoc-0e43afecb3527f6fb",
            "route_table_id": "rtb-041d0946240122fe2",
            "subnet_id": "subnet-0784c89746426b67e"
          },
          "sensitive_attributes": [],
          "private": "bnVsbA==",
          "dependencies": [
            "module.route_table__public.aws_route_table.this",
            "module.subnet_group__public.aws_subnet.this",
            "module.vpc.aws_vpc.this"
          ]
        },
        {
          "index_key": 1,
          "schema_version": 0,
          "attributes": {
            "gateway_id": "",
            "id": "rtbassoc-056a12d13e9fb4e71",
            "route_table_id": "rtb-041d0946240122fe2",
            "subnet_id": "subnet-0401554b43580be50"
          },
          "sensitive_attributes": [],
          "private": "bnVsbA==",
          "dependencies": [
            "module.route_table__public.aws_route_table.this",
            "module.subnet_group__public.aws_subnet.this",
            "module.vpc.aws_vpc.this"
          ]
        }
      ]
    },
    {
      "module": "module.subnet_group__private",
      "mode": "managed",
      "type": "aws_resourcegroups_group",
      "name": "this",
      "provider": "provider[\"registry.terraform.io/hashicorp/aws\"]",
      "instances": [
        {
          "index_key": 0,
          "schema_version": 0,
          "attributes": {
            "arn": "arn:aws:resource-groups:ap-northeast-2:949657583279:group/terraform-aws-network.subnet-group.prod-private",
            "description": "Managed by Terraform.",
            "id": "terraform-aws-network.subnet-group.prod-private",
            "name": "terraform-aws-network.subnet-group.prod-private",
            "resource_query": [
              {
                "query": "{\n  \"ResourceTypeFilters\": [\n    \"AWS::AllSupported\"\n  ],\n  \"TagFilters\": [{\"Key\":\"module.terraform.io/full-name\",\"Values\":[\"terraform-aws-network/subnet-group\"]},{\"Key\":\"module.terraform.io/instance\",\"Values\":[\"prod-private\"]},{\"Key\":\"module.terraform.io/name\",\"Values\":[\"subnet-group\"]},{\"Key\":\"module.terraform.io/package\",\"Values\":[\"terraform-aws-network\"]},{\"Key\":\"module.terraform.io/version\",\"Values\":[\"0.24.0\"]}]\n}\n",
                "type": "TAG_FILTERS_1_0"
              }
            ],
            "tags": {
              "Name": "terraform-aws-network.subnet-group.prod-private",
              "Owner": "posquit0",
              "Project": "Network",
              "module.terraform.io/full-name": "terraform-aws-network/subnet-group",
              "module.terraform.io/instance": "prod-private",
              "module.terraform.io/name": "subnet-group",
              "module.terraform.io/package": "terraform-aws-network",
              "module.terraform.io/version": "0.24.0"
            },
            "tags_all": {
              "Name": "terraform-aws-network.subnet-group.prod-private",
              "Owner": "posquit0",
              "Project": "Network",
              "module.terraform.io/full-name": "terraform-aws-network/subnet-group",
              "module.terraform.io/instance": "prod-private",
              "module.terraform.io/name": "subnet-group",
              "module.terraform.io/package": "terraform-aws-network",
              "module.terraform.io/version": "0.24.0"
            }
          },
          "sensitive_attributes": [],
          "private": "bnVsbA=="
        }
      ]
    },
    {
      "module": "module.subnet_group__private",
      "mode": "managed",
      "type": "aws_subnet",
      "name": "this",
      "provider": "provider[\"registry.terraform.io/hashicorp/aws\"]",
      "instances": [
        {
          "index_key": "prod-private-001/az1",
          "schema_version": 1,
          "attributes": {
            "arn": "arn:aws:ec2:ap-northeast-2:949657583279:subnet/subnet-0d9677acd79c47bf8",
            "assign_ipv6_address_on_creation": false,
            "availability_zone": "ap-northeast-2a",
            "availability_zone_id": "apne2-az1",
            "cidr_block": "10.0.10.0/24",
            "customer_owned_ipv4_pool": "",
            "enable_dns64": false,
            "enable_resource_name_dns_a_record_on_launch": false,
            "enable_resource_name_dns_aaaa_record_on_launch": false,
            "id": "subnet-0d9677acd79c47bf8",
            "ipv6_cidr_block": "",
            "ipv6_cidr_block_association_id": "",
            "ipv6_native": false,
            "map_customer_owned_ip_on_launch": false,
            "map_public_ip_on_launch": false,
            "outpost_arn": "",
            "owner_id": "949657583279",
            "private_dns_hostname_type_on_launch": "ip-name",
            "tags": {
              "Name": "prod-private-001/az1",
              "Owner": "posquit0",
              "Project": "Network",
              "module.terraform.io/full-name": "terraform-aws-network/subnet-group",
              "module.terraform.io/instance": "prod-private",
              "module.terraform.io/name": "subnet-group",
              "module.terraform.io/package": "terraform-aws-network",
              "module.terraform.io/version": "0.24.0"
            },
            "tags_all": {
              "Name": "prod-private-001/az1",
              "Owner": "posquit0",
              "Project": "Network",
              "module.terraform.io/full-name": "terraform-aws-network/subnet-group",
              "module.terraform.io/instance": "prod-private",
              "module.terraform.io/name": "subnet-group",
              "module.terraform.io/package": "terraform-aws-network",
              "module.terraform.io/version": "0.24.0"
            },
            "timeouts": null,
            "vpc_id": "vpc-0f5072ab5c30fa431"
          },
          "sensitive_attributes": [],
          "private": "eyJlMmJmYjczMC1lY2FhLTExZTYtOGY4OC0zNDM2M2JjN2M0YzAiOnsiY3JlYXRlIjo2MDAwMDAwMDAwMDAsImRlbGV0ZSI6MTIwMDAwMDAwMDAwMH0sInNjaGVtYV92ZXJzaW9uIjoiMSJ9",
          "dependencies": [
            "module.vpc.aws_vpc.this"
          ]
        },
        {
          "index_key": "prod-private-002/az2",
          "schema_version": 1,
          "attributes": {
            "arn": "arn:aws:ec2:ap-northeast-2:949657583279:subnet/subnet-06b94d688788351b7",
            "assign_ipv6_address_on_creation": false,
            "availability_zone": "ap-northeast-2b",
            "availability_zone_id": "apne2-az2",
            "cidr_block": "10.0.11.0/24",
            "customer_owned_ipv4_pool": "",
            "enable_dns64": false,
            "enable_resource_name_dns_a_record_on_launch": false,
            "enable_resource_name_dns_aaaa_record_on_launch": false,
            "id": "subnet-06b94d688788351b7",
            "ipv6_cidr_block": "",
            "ipv6_cidr_block_association_id": "",
            "ipv6_native": false,
            "map_customer_owned_ip_on_launch": false,
            "map_public_ip_on_launch": false,
            "outpost_arn": "",
            "owner_id": "949657583279",
            "private_dns_hostname_type_on_launch": "ip-name",
            "tags": {
              "Name": "prod-private-002/az2",
              "Owner": "posquit0",
              "Project": "Network",
              "module.terraform.io/full-name": "terraform-aws-network/subnet-group",
              "module.terraform.io/instance": "prod-private",
              "module.terraform.io/name": "subnet-group",
              "module.terraform.io/package": "terraform-aws-network",
              "module.terraform.io/version": "0.24.0"
            },
            "tags_all": {
              "Name": "prod-private-002/az2",
              "Owner": "posquit0",
              "Project": "Network",
              "module.terraform.io/full-name": "terraform-aws-network/subnet-group",
              "module.terraform.io/instance": "prod-private",
              "module.terraform.io/name": "subnet-group",
              "module.terraform.io/package": "terraform-aws-network",
              "module.terraform.io/version": "0.24.0"
            },
            "timeouts": null,
            "vpc_id": "vpc-0f5072ab5c30fa431"
          },
          "sensitive_attributes": [],
          "private": "eyJlMmJmYjczMC1lY2FhLTExZTYtOGY4OC0zNDM2M2JjN2M0YzAiOnsiY3JlYXRlIjo2MDAwMDAwMDAwMDAsImRlbGV0ZSI6MTIwMDAwMDAwMDAwMH0sInNjaGVtYV92ZXJzaW9uIjoiMSJ9",
          "dependencies": [
            "module.vpc.aws_vpc.this"
          ]
        }
      ]
    },
    {
      "module": "module.subnet_group__public",
      "mode": "managed",
      "type": "aws_resourcegroups_group",
      "name": "this",
      "provider": "provider[\"registry.terraform.io/hashicorp/aws\"]",
      "instances": [
        {
          "index_key": 0,
          "schema_version": 0,
          "attributes": {
            "arn": "arn:aws:resource-groups:ap-northeast-2:949657583279:group/terraform-aws-network.subnet-group.prod-public",
            "description": "Managed by Terraform.",
            "id": "terraform-aws-network.subnet-group.prod-public",
            "name": "terraform-aws-network.subnet-group.prod-public",
            "resource_query": [
              {
                "query": "{\n  \"ResourceTypeFilters\": [\n    \"AWS::AllSupported\"\n  ],\n  \"TagFilters\": [{\"Key\":\"module.terraform.io/full-name\",\"Values\":[\"terraform-aws-network/subnet-group\"]},{\"Key\":\"module.terraform.io/instance\",\"Values\":[\"prod-public\"]},{\"Key\":\"module.terraform.io/name\",\"Values\":[\"subnet-group\"]},{\"Key\":\"module.terraform.io/package\",\"Values\":[\"terraform-aws-network\"]},{\"Key\":\"module.terraform.io/version\",\"Values\":[\"0.24.0\"]}]\n}\n",
                "type": "TAG_FILTERS_1_0"
              }
            ],
            "tags": {
              "Name": "terraform-aws-network.subnet-group.prod-public",
              "Owner": "posquit0",
              "Project": "Network",
              "module.terraform.io/full-name": "terraform-aws-network/subnet-group",
              "module.terraform.io/instance": "prod-public",
              "module.terraform.io/name": "subnet-group",
              "module.terraform.io/package": "terraform-aws-network",
              "module.terraform.io/version": "0.24.0"
            },
            "tags_all": {
              "Name": "terraform-aws-network.subnet-group.prod-public",
              "Owner": "posquit0",
              "Project": "Network",
              "module.terraform.io/full-name": "terraform-aws-network/subnet-group",
              "module.terraform.io/instance": "prod-public",
              "module.terraform.io/name": "subnet-group",
              "module.terraform.io/package": "terraform-aws-network",
              "module.terraform.io/version": "0.24.0"
            }
          },
          "sensitive_attributes": [],
          "private": "bnVsbA=="
        }
      ]
    },
    {
      "module": "module.subnet_group__public",
      "mode": "managed",
      "type": "aws_subnet",
      "name": "this",
      "provider": "provider[\"registry.terraform.io/hashicorp/aws\"]",
      "instances": [
        {
          "index_key": "prod-public-001/az1",
          "schema_version": 1,
          "attributes": {
            "arn": "arn:aws:ec2:ap-northeast-2:949657583279:subnet/subnet-0784c89746426b67e",
            "assign_ipv6_address_on_creation": false,
            "availability_zone": "ap-northeast-2a",
            "availability_zone_id": "apne2-az1",
            "cidr_block": "10.0.0.0/24",
            "customer_owned_ipv4_pool": "",
            "enable_dns64": false,
            "enable_resource_name_dns_a_record_on_launch": false,
            "enable_resource_name_dns_aaaa_record_on_launch": false,
            "id": "subnet-0784c89746426b67e",
            "ipv6_cidr_block": "",
            "ipv6_cidr_block_association_id": "",
            "ipv6_native": false,
            "map_customer_owned_ip_on_launch": false,
            "map_public_ip_on_launch": true,
            "outpost_arn": "",
            "owner_id": "949657583279",
            "private_dns_hostname_type_on_launch": "ip-name",
            "tags": {
              "Name": "prod-public-001/az1",
              "Owner": "posquit0",
              "Project": "Network",
              "module.terraform.io/full-name": "terraform-aws-network/subnet-group",
              "module.terraform.io/instance": "prod-public",
              "module.terraform.io/name": "subnet-group",
              "module.terraform.io/package": "terraform-aws-network",
              "module.terraform.io/version": "0.24.0"
            },
            "tags_all": {
              "Name": "prod-public-001/az1",
              "Owner": "posquit0",
              "Project": "Network",
              "module.terraform.io/full-name": "terraform-aws-network/subnet-group",
              "module.terraform.io/instance": "prod-public",
              "module.terraform.io/name": "subnet-group",
              "module.terraform.io/package": "terraform-aws-network",
              "module.terraform.io/version": "0.24.0"
            },
            "timeouts": null,
            "vpc_id": "vpc-0f5072ab5c30fa431"
          },
          "sensitive_attributes": [],
          "private": "eyJlMmJmYjczMC1lY2FhLTExZTYtOGY4OC0zNDM2M2JjN2M0YzAiOnsiY3JlYXRlIjo2MDAwMDAwMDAwMDAsImRlbGV0ZSI6MTIwMDAwMDAwMDAwMH0sInNjaGVtYV92ZXJzaW9uIjoiMSJ9",
          "dependencies": [
            "module.vpc.aws_vpc.this"
          ]
        },
        {
          "index_key": "prod-public-002/az2",
          "schema_version": 1,
          "attributes": {
            "arn": "arn:aws:ec2:ap-northeast-2:949657583279:subnet/subnet-0401554b43580be50",
            "assign_ipv6_address_on_creation": false,
            "availability_zone": "ap-northeast-2b",
            "availability_zone_id": "apne2-az2",
            "cidr_block": "10.0.1.0/24",
            "customer_owned_ipv4_pool": "",
            "enable_dns64": false,
            "enable_resource_name_dns_a_record_on_launch": false,
            "enable_resource_name_dns_aaaa_record_on_launch": false,
            "id": "subnet-0401554b43580be50",
            "ipv6_cidr_block": "",
            "ipv6_cidr_block_association_id": "",
            "ipv6_native": false,
            "map_customer_owned_ip_on_launch": false,
            "map_public_ip_on_launch": true,
            "outpost_arn": "",
            "owner_id": "949657583279",
            "private_dns_hostname_type_on_launch": "ip-name",
            "tags": {
              "Name": "prod-public-002/az2",
              "Owner": "posquit0",
              "Project": "Network",
              "module.terraform.io/full-name": "terraform-aws-network/subnet-group",
              "module.terraform.io/instance": "prod-public",
              "module.terraform.io/name": "subnet-group",
              "module.terraform.io/package": "terraform-aws-network",
              "module.terraform.io/version": "0.24.0"
            },
            "tags_all": {
              "Name": "prod-public-002/az2",
              "Owner": "posquit0",
              "Project": "Network",
              "module.terraform.io/full-name": "terraform-aws-network/subnet-group",
              "module.terraform.io/instance": "prod-public",
              "module.terraform.io/name": "subnet-group",
              "module.terraform.io/package": "terraform-aws-network",
              "module.terraform.io/version": "0.24.0"
            },
            "timeouts": null,
            "vpc_id": "vpc-0f5072ab5c30fa431"
          },
          "sensitive_attributes": [],
          "private": "eyJlMmJmYjczMC1lY2FhLTExZTYtOGY4OC0zNDM2M2JjN2M0YzAiOnsiY3JlYXRlIjo2MDAwMDAwMDAwMDAsImRlbGV0ZSI6MTIwMDAwMDAwMDAwMH0sInNjaGVtYV92ZXJzaW9uIjoiMSJ9",
          "dependencies": [
            "module.vpc.aws_vpc.this"
          ]
        }
      ]
    },
    {
      "module": "module.vpc",
      "mode": "data",
      "type": "aws_region",
      "name": "current",
      "provider": "provider[\"registry.terraform.io/hashicorp/aws\"]",
      "instances": [
        {
          "schema_version": 0,
          "attributes": {
            "description": "Asia Pacific (Seoul)",
            "endpoint": "ec2.ap-northeast-2.amazonaws.com",
            "id": "ap-northeast-2",
            "name": "ap-northeast-2"
          },
          "sensitive_attributes": []
        }
      ]
    },
    {
      "module": "module.vpc",
      "mode": "managed",
      "type": "aws_internet_gateway",
      "name": "this",
      "provider": "provider[\"registry.terraform.io/hashicorp/aws\"]",
      "instances": [
        {
          "index_key": 0,
          "schema_version": 0,
          "attributes": {
            "arn": "arn:aws:ec2:ap-northeast-2:949657583279:internet-gateway/igw-050988f7555fb0542",
            "id": "igw-050988f7555fb0542",
            "owner_id": "949657583279",
            "tags": {
              "Name": "prod",
              "Owner": "posquit0",
              "Project": "Network",
              "module.terraform.io/full-name": "terraform-aws-network/vpc",
              "module.terraform.io/instance": "prod",
              "module.terraform.io/name": "vpc",
              "module.terraform.io/package": "terraform-aws-network",
              "module.terraform.io/version": "0.24.0"
            },
            "tags_all": {
              "Name": "prod",
              "Owner": "posquit0",
              "Project": "Network",
              "module.terraform.io/full-name": "terraform-aws-network/vpc",
              "module.terraform.io/instance": "prod",
              "module.terraform.io/name": "vpc",
              "module.terraform.io/package": "terraform-aws-network",
              "module.terraform.io/version": "0.24.0"
            },
            "vpc_id": "vpc-0f5072ab5c30fa431"
          },
          "sensitive_attributes": [],
          "private": "bnVsbA==",
          "dependencies": [
            "module.vpc.aws_vpc.this"
          ]
        }
      ]
    },
    {
      "module": "module.vpc",
      "mode": "managed",
      "type": "aws_resourcegroups_group",
      "name": "this",
      "provider": "provider[\"registry.terraform.io/hashicorp/aws\"]",
      "instances": [
        {
          "index_key": 0,
          "schema_version": 0,
          "attributes": {
            "arn": "arn:aws:resource-groups:ap-northeast-2:949657583279:group/terraform-aws-network.vpc.prod",
            "description": "Managed by Terraform.",
            "id": "terraform-aws-network.vpc.prod",
            "name": "terraform-aws-network.vpc.prod",
            "resource_query": [
              {
                "query": "{\n  \"ResourceTypeFilters\": [\n    \"AWS::AllSupported\"\n  ],\n  \"TagFilters\": [{\"Key\":\"module.terraform.io/full-name\",\"Values\":[\"terraform-aws-network/vpc\"]},{\"Key\":\"module.terraform.io/instance\",\"Values\":[\"prod\"]},{\"Key\":\"module.terraform.io/name\",\"Values\":[\"vpc\"]},{\"Key\":\"module.terraform.io/package\",\"Values\":[\"terraform-aws-network\"]},{\"Key\":\"module.terraform.io/version\",\"Values\":[\"0.24.0\"]}]\n}\n",
                "type": "TAG_FILTERS_1_0"
              }
            ],
            "tags": {
              "Name": "terraform-aws-network.vpc.prod",
              "Owner": "posquit0",
              "Project": "Network",
              "module.terraform.io/full-name": "terraform-aws-network/vpc",
              "module.terraform.io/instance": "prod",
              "module.terraform.io/name": "vpc",
              "module.terraform.io/package": "terraform-aws-network",
              "module.terraform.io/version": "0.24.0"
            },
            "tags_all": {
              "Name": "terraform-aws-network.vpc.prod",
              "Owner": "posquit0",
              "Project": "Network",
              "module.terraform.io/full-name": "terraform-aws-network/vpc",
              "module.terraform.io/instance": "prod",
              "module.terraform.io/name": "vpc",
              "module.terraform.io/package": "terraform-aws-network",
              "module.terraform.io/version": "0.24.0"
            }
          },
          "sensitive_attributes": [],
          "private": "bnVsbA=="
        }
      ]
    },
    {
      "module": "module.vpc",
      "mode": "managed",
      "type": "aws_vpc",
      "name": "this",
      "provider": "provider[\"registry.terraform.io/hashicorp/aws\"]",
      "instances": [
        {
          "schema_version": 1,
          "attributes": {
            "arn": "arn:aws:ec2:ap-northeast-2:949657583279:vpc/vpc-0f5072ab5c30fa431",
            "assign_generated_ipv6_cidr_block": false,
            "cidr_block": "10.0.0.0/16",
            "default_network_acl_id": "acl-0ed68d781592e160b",
            "default_route_table_id": "rtb-0ed6d22783e9174b2",
            "default_security_group_id": "sg-0e330f212e8b73eb8",
            "dhcp_options_id": "dopt-05fdbd6e",
            "enable_classiclink": false,
            "enable_classiclink_dns_support": false,
            "enable_dns_hostnames": true,
            "enable_dns_support": true,
            "id": "vpc-0f5072ab5c30fa431",
            "instance_tenancy": "default",
            "ipv4_ipam_pool_id": null,
            "ipv4_netmask_length": null,
            "ipv6_association_id": "",
            "ipv6_cidr_block": "",
            "ipv6_cidr_block_network_border_group": "",
            "ipv6_ipam_pool_id": "",
            "ipv6_netmask_length": 0,
            "main_route_table_id": "rtb-0ed6d22783e9174b2",
            "owner_id": "949657583279",
            "tags": {
              "Name": "prod",
              "Owner": "posquit0",
              "Project": "Network",
              "module.terraform.io/full-name": "terraform-aws-network/vpc",
              "module.terraform.io/instance": "prod",
              "module.terraform.io/name": "vpc",
              "module.terraform.io/package": "terraform-aws-network",
              "module.terraform.io/version": "0.24.0"
            },
            "tags_all": {
              "Name": "prod",
              "Owner": "posquit0",
              "Project": "Network",
              "module.terraform.io/full-name": "terraform-aws-network/vpc",
              "module.terraform.io/instance": "prod",
              "module.terraform.io/name": "vpc",
              "module.terraform.io/package": "terraform-aws-network",
              "module.terraform.io/version": "0.24.0"
            }
          },
          "sensitive_attributes": [],
          "private": "eyJzY2hlbWFfdmVyc2lvbiI6IjEifQ=="
        }
      ]
    }
  ]
}
