{
  "version": 4,
  "terraform_version": "1.1.7",
  "serial": 11,
  "lineage": "5eb4199d-ff3d-3888-ba86-f5b599378a7c",
  "outputs": {
    "file_bar": {
      "value": {
        "content": "TEST bar.txt\n",
        "content_base64": "VEVTVCBiYXIudHh0Cg==",
        "filename": "./bar.txt",
        "id": "76c4ad0caf61260ce475c10269156b6217d99e51"
      },
      "type": [
        "object",
        {
          "content": "string",
          "content_base64": "string",
          "filename": "string",
          "id": "string"
        }
      ]
    },
    "vpc_foo": {
      "value": {
        "arn": "arn:aws:ec2:ap-northeast-2:949657583279:vpc/vpc-0fe3c30c85c354c5f",
        "assign_generated_ipv6_cidr_block": false,
        "cidr_block": "10.123.0.0/16",
        "default_network_acl_id": "acl-09de5541410eb23f3",
        "default_route_table_id": "rtb-0de73030f85a5abd4",
        "default_security_group_id": "sg-02e8c90017bc1cb34",
        "dhcp_options_id": "dopt-05fdbd6e",
        "enable_classiclink": false,
        "enable_classiclink_dns_support": false,
        "enable_dns_hostnames": false,
        "enable_dns_support": true,
        "id": "vpc-0fe3c30c85c354c5f",
        "instance_tenancy": "default",
        "ipv4_ipam_pool_id": null,
        "ipv4_netmask_length": null,
        "ipv6_association_id": "",
        "ipv6_cidr_block": "",
        "ipv6_cidr_block_network_border_group": "",
        "ipv6_ipam_pool_id": "",
        "ipv6_netmask_length": 0,
        "main_route_table_id": "rtb-0de73030f85a5abd4",
        "owner_id": "949657583279",
        "tags": {
          "Name": "This is test vpc"
        },
        "tags_all": {
          "Name": "This is test vpc"
        }
      },
      "type": [
        "object",
        {
          "arn": "string",
          "assign_generated_ipv6_cidr_block": "bool",
          "cidr_block": "string",
          "default_network_acl_id": "string",
          "default_route_table_id": "string",
          "default_security_group_id": "string",
          "dhcp_options_id": "string",
          "enable_classiclink": "bool",
          "enable_classiclink_dns_support": "bool",
          "enable_dns_hostnames": "bool",
          "enable_dns_support": "bool",
          "id": "string",
          "instance_tenancy": "string",
          "ipv4_ipam_pool_id": "string",
          "ipv4_netmask_length": "number",
          "ipv6_association_id": "string",
          "ipv6_cidr_block": "string",
          "ipv6_cidr_block_network_border_group": "string",
          "ipv6_ipam_pool_id": "string",
          "ipv6_netmask_length": "number",
          "main_route_table_id": "string",
          "owner_id": "string",
          "tags": [
            "map",
            "string"
          ],
          "tags_all": [
            "map",
            "string"
          ]
        }
      ]
    },
    "vpcs": {
      "value": {
        "filter": null,
        "id": "ap-northeast-2",
        "ids": [
          "vpc-038470f37e2499f42",
          "vpc-05d7f0d034b2b6acc",
          "vpc-0fe3c30c85c354c5f"
        ],
        "tags": null
      },
      "type": [
        "object",
        {
          "filter": [
            "set",
            [
              "object",
              {
                "name": "string",
                "values": [
                  "list",
                  "string"
                ]
              }
            ]
          ],
          "id": "string",
          "ids": [
            "list",
            "string"
          ],
          "tags": [
            "map",
            "string"
          ]
        }
      ]
    }
  },
  "resources": [
    {
      "mode": "data",
      "type": "aws_vpcs",
      "name": "this",
      "provider": "provider[\"registry.terraform.io/hashicorp/aws\"]",
      "instances": [
        {
          "schema_version": 0,
          "attributes": {
            "filter": null,
            "id": "ap-northeast-2",
            "ids": [
              "vpc-038470f37e2499f42",
              "vpc-05d7f0d034b2b6acc",
              "vpc-0fe3c30c85c354c5f"
            ],
            "tags": null
          },
          "sensitive_attributes": []
        }
      ]
    },
    {
      "mode": "data",
      "type": "local_file",
      "name": "bar",
      "provider": "provider[\"registry.terraform.io/hashicorp/local\"]",
      "instances": [
        {
          "schema_version": 0,
          "attributes": {
            "content": "TEST bar.txt\n",
            "content_base64": "VEVTVCBiYXIudHh0Cg==",
            "filename": "./bar.txt",
            "id": "76c4ad0caf61260ce475c10269156b6217d99e51"
          },
          "sensitive_attributes": []
        }
      ]
    },
    {
      "mode": "managed",
      "type": "aws_vpc",
      "name": "foo",
      "provider": "provider[\"registry.terraform.io/hashicorp/aws\"]",
      "instances": [
        {
          "schema_version": 1,
          "attributes": {
            "arn": "arn:aws:ec2:ap-northeast-2:949657583279:vpc/vpc-0fe3c30c85c354c5f",
            "assign_generated_ipv6_cidr_block": false,
            "cidr_block": "10.123.0.0/16",
            "default_network_acl_id": "acl-09de5541410eb23f3",
            "default_route_table_id": "rtb-0de73030f85a5abd4",
            "default_security_group_id": "sg-02e8c90017bc1cb34",
            "dhcp_options_id": "dopt-05fdbd6e",
            "enable_classiclink": false,
            "enable_classiclink_dns_support": false,
            "enable_dns_hostnames": false,
            "enable_dns_support": true,
            "id": "vpc-0fe3c30c85c354c5f",
            "instance_tenancy": "default",
            "ipv4_ipam_pool_id": null,
            "ipv4_netmask_length": null,
            "ipv6_association_id": "",
            "ipv6_cidr_block": "",
            "ipv6_cidr_block_network_border_group": "",
            "ipv6_ipam_pool_id": "",
            "ipv6_netmask_length": 0,
            "main_route_table_id": "rtb-0de73030f85a5abd4",
            "owner_id": "949657583279",
            "tags": {
              "Name": "This is test vpc"
            },
            "tags_all": {
              "Name": "This is test vpc"
            }
          },
          "sensitive_attributes": [],
          "private": "eyJzY2hlbWFfdmVyc2lvbiI6IjEifQ=="
        }
      ]
    },
    {
      "mode": "managed",
      "type": "local_file",
      "name": "foo",
      "provider": "provider[\"registry.terraform.io/hashicorp/local\"]",
      "instances": [
        {
          "schema_version": 0,
          "attributes": {
            "content": "Hello world",
            "content_base64": null,
            "directory_permission": "0777",
            "file_permission": "0777",
            "filename": "./foo.txt",
            "id": "7b502c3a1f48c8609ae212cdfb639dee39673f5e",
            "sensitive_content": null,
            "source": null
          },
          "sensitive_attributes": [],
          "private": "bnVsbA=="
        }
      ]
    }
  ]
}
